
Microsoft Visual Studio Solution File, Format Version 12.00
# Visual Studio 15
VisualStudioVersion = 15.0.26403.0
MinimumVisualStudioVersion = 10.0.40219.1
Project("{FAE04EC0-301F-11D3-BF4B-00C04F79EFBC}") = "SmartHeatStation.Android", "SmartHeatStation\SmartHeatStation.Android\SmartHeatStation.Android.csproj", "{14C6BCC2-2A4D-4257-858E-6E87F2EC8091}"
EndProject
Project("{FAE04EC0-301F-11D3-BF4B-00C04F79EFBC}") = "SmartHeatStation", "SmartHeatStation\SmartHeatStation\SmartHeatStation.csproj", "{ADD9A1DC-C59D-42DD-8788-86AD02F06392}"
EndProject
Project("{FAE04EC0-301F-11D3-BF4B-00C04F79EFBC}") = "SmartHeatStation.iOS", "SmartHeatStation\SmartHeatStation.iOS\SmartHeatStation.iOS.csproj", "{9E6AEB3C-3987-4D5E-8BFC-BFBAD68B1E6B}"
EndProject
Project("{FAE04EC0-301F-11D3-BF4B-00C04F79EFBC}") = "DuGu.XFLib", "DuGuXFLib\DuGuXFLib\DuGu.XFLib.csproj", "{21BE09F1-EAE4-43B1-A0B1-7CC3E9171CCA}"
EndProject
Project("{FAE04EC0-301F-11D3-BF4B-00C04F79EFBC}") = "DuGu.XFLib.Android", "DuGu.XFLib\DuGu.XFLib.Android\DuGu.XFLib.Android.csproj", "{AE5DC26A-0D73-439E-A5B0-B414F1ABED1F}"
EndProject
Project("{FAE04EC0-301F-11D3-BF4B-00C04F79EFBC}") = "DuGu.XFLib.iOS", "DuGu.XFLib\DuGu.XFLib.iOS\DuGu.XFLib.iOS.csproj", "{B6AD26B3-766C-475A-9565-4B33BC97E046}"
EndProject
Global
	GlobalSection(SolutionConfigurationPlatforms) = preSolution
		Ad-Hoc|Any CPU = Ad-Hoc|Any CPU
		Ad-Hoc|iPhone = Ad-Hoc|iPhone
		Ad-Hoc|iPhoneSimulator = Ad-Hoc|iPhoneSimulator
		AppStore|Any CPU = AppStore|Any CPU
		AppStore|iPhone = AppStore|iPhone
		AppStore|iPhoneSimulator = AppStore|iPhoneSimulator
		Debug|Any CPU = Debug|Any CPU
		Debug|iPhone = Debug|iPhone
		Debug|iPhoneSimulator = Debug|iPhoneSimulator
		Release|Any CPU = Release|Any CPU
		Release|iPhone = Release|iPhone
		Release|iPhoneSimulator = Release|iPhoneSimulator
	EndGlobalSection
	GlobalSection(ProjectConfigurationPlatforms) = postSolution
		{14C6BCC2-2A4D-4257-858E-6E87F2EC8091}.Ad-Hoc|Any CPU.ActiveCfg = Release|Any CPU
		{14C6BCC2-2A4D-4257-858E-6E87F2EC8091}.Ad-Hoc|Any CPU.Build.0 = Release|Any CPU
		{14C6BCC2-2A4D-4257-858E-6E87F2EC8091}.Ad-Hoc|Any CPU.Deploy.0 = Release|Any CPU
		{14C6BCC2-2A4D-4257-858E-6E87F2EC8091}.Ad-Hoc|iPhone.ActiveCfg = Release|Any CPU
		{14C6BCC2-2A4D-4257-858E-6E87F2EC8091}.Ad-Hoc|iPhone.Build.0 = Release|Any CPU
		{14C6BCC2-2A4D-4257-858E-6E87F2EC8091}.Ad-Hoc|iPhone.Deploy.0 = Release|Any CPU
		{14C6BCC2-2A4D-4257-858E-6E87F2EC8091}.Ad-Hoc|iPhoneSimulator.ActiveCfg = Release|Any CPU
		{14C6BCC2-2A4D-4257-858E-6E87F2EC8091}.Ad-Hoc|iPhoneSimulator.Build.0 = Release|Any CPU
		{14C6BCC2-2A4D-4257-858E-6E87F2EC8091}.Ad-Hoc|iPhoneSimulator.Deploy.0 = Release|Any CPU
		{14C6BCC2-2A4D-4257-858E-6E87F2EC8091}.AppStore|Any CPU.ActiveCfg = Release|Any CPU
		{14C6BCC2-2A4D-4257-858E-6E87F2EC8091}.AppStore|Any CPU.Build.0 = Release|Any CPU
		{14C6BCC2-2A4D-4257-858E-6E87F2EC8091}.AppStore|Any CPU.Deploy.0 = Release|Any CPU
		{14C6BCC2-2A4D-4257-858E-6E87F2EC8091}.AppStore|iPhone.ActiveCfg = Release|Any CPU
		{14C6BCC2-2A4D-4257-858E-6E87F2EC8091}.AppStore|iPhone.Build.0 = Release|Any CPU
		{14C6BCC2-2A4D-4257-858E-6E87F2EC8091}.AppStore|iPhone.Deploy.0 = Release|Any CPU
		{14C6BCC2-2A4D-4257-858E-6E87F2EC8091}.AppStore|iPhoneSimulator.ActiveCfg = Release|Any CPU
		{14C6BCC2-2A4D-4257-858E-6E87F2EC8091}.AppStore|iPhoneSimulator.Build.0 = Release|Any CPU
		{14C6BCC2-2A4D-4257-858E-6E87F2EC8091}.AppStore|iPhoneSimulator.Deploy.0 = Release|Any CPU
		{14C6BCC2-2A4D-4257-858E-6E87F2EC8091}.Debug|Any CPU.ActiveCfg = Debug|Any CPU
		{14C6BCC2-2A4D-4257-858E-6E87F2EC8091}.Debug|Any CPU.Build.0 = Debug|Any CPU
		{14C6BCC2-2A4D-4257-858E-6E87F2EC8091}.Debug|Any CPU.Deploy.0 = Debug|Any CPU
		{14C6BCC2-2A4D-4257-858E-6E87F2EC8091}.Debug|iPhone.ActiveCfg = Debug|Any CPU
		{14C6BCC2-2A4D-4257-858E-6E87F2EC8091}.Debug|iPhone.Build.0 = Debug|Any CPU
		{14C6BCC2-2A4D-4257-858E-6E87F2EC8091}.Debug|iPhone.Deploy.0 = Debug|Any CPU
		{14C6BCC2-2A4D-4257-858E-6E87F2EC8091}.Debug|iPhoneSimulator.ActiveCfg = Debug|Any CPU
		{14C6BCC2-2A4D-4257-858E-6E87F2EC8091}.Debug|iPhoneSimulator.Build.0 = Debug|Any CPU
		{14C6BCC2-2A4D-4257-858E-6E87F2EC8091}.Debug|iPhoneSimulator.Deploy.0 = Debug|Any CPU
		{14C6BCC2-2A4D-4257-858E-6E87F2EC8091}.Release|Any CPU.ActiveCfg = Release|Any CPU
		{14C6BCC2-2A4D-4257-858E-6E87F2EC8091}.Release|Any CPU.Build.0 = Release|Any CPU
		{14C6BCC2-2A4D-4257-858E-6E87F2EC8091}.Release|Any CPU.Deploy.0 = Release|Any CPU
		{14C6BCC2-2A4D-4257-858E-6E87F2EC8091}.Release|iPhone.ActiveCfg = Release|Any CPU
		{14C6BCC2-2A4D-4257-858E-6E87F2EC8091}.Release|iPhone.Build.0 = Release|Any CPU
		{14C6BCC2-2A4D-4257-858E-6E87F2EC8091}.Release|iPhone.Deploy.0 = Release|Any CPU
		{14C6BCC2-2A4D-4257-858E-6E87F2EC8091}.Release|iPhoneSimulator.ActiveCfg = Release|Any CPU
		{14C6BCC2-2A4D-4257-858E-6E87F2EC8091}.Release|iPhoneSimulator.Build.0 = Release|Any CPU
		{14C6BCC2-2A4D-4257-858E-6E87F2EC8091}.Release|iPhoneSimulator.Deploy.0 = Release|Any CPU
		{ADD9A1DC-C59D-42DD-8788-86AD02F06392}.Ad-Hoc|Any CPU.ActiveCfg = Release|Any CPU
		{ADD9A1DC-C59D-42DD-8788-86AD02F06392}.Ad-Hoc|Any CPU.Build.0 = Release|Any CPU
		{ADD9A1DC-C59D-42DD-8788-86AD02F06392}.Ad-Hoc|iPhone.ActiveCfg = Release|Any CPU
		{ADD9A1DC-C59D-42DD-8788-86AD02F06392}.Ad-Hoc|iPhone.Build.0 = Release|Any CPU
		{ADD9A1DC-C59D-42DD-8788-86AD02F06392}.Ad-Hoc|iPhoneSimulator.ActiveCfg = Release|Any CPU
		{ADD9A1DC-C59D-42DD-8788-86AD02F06392}.Ad-Hoc|iPhoneSimulator.Build.0 = Release|Any CPU
		{ADD9A1DC-C59D-42DD-8788-86AD02F06392}.AppStore|Any CPU.ActiveCfg = Release|Any CPU
		{ADD9A1DC-C59D-42DD-8788-86AD02F06392}.AppStore|Any CPU.Build.0 = Release|Any CPU
		{ADD9A1DC-C59D-42DD-8788-86AD02F06392}.AppStore|iPhone.ActiveCfg = Release|Any CPU
		{ADD9A1DC-C59D-42DD-8788-86AD02F06392}.AppStore|iPhone.Build.0 = Release|Any CPU
		{ADD9A1DC-C59D-42DD-8788-86AD02F06392}.AppStore|iPhoneSimulator.ActiveCfg = Release|Any CPU
		{ADD9A1DC-C59D-42DD-8788-86AD02F06392}.AppStore|iPhoneSimulator.Build.0 = Release|Any CPU
		{ADD9A1DC-C59D-42DD-8788-86AD02F06392}.Debug|Any CPU.ActiveCfg = Debug|Any CPU
		{ADD9A1DC-C59D-42DD-8788-86AD02F06392}.Debug|Any CPU.Build.0 = Debug|Any CPU
		{ADD9A1DC-C59D-42DD-8788-86AD02F06392}.Debug|iPhone.ActiveCfg = Debug|Any CPU
		{ADD9A1DC-C59D-42DD-8788-86AD02F06392}.Debug|iPhone.Build.0 = Debug|Any CPU
		{ADD9A1DC-C59D-42DD-8788-86AD02F06392}.Debug|iPhoneSimulator.ActiveCfg = Debug|Any CPU
		{ADD9A1DC-C59D-42DD-8788-86AD02F06392}.Debug|iPhoneSimulator.Build.0 = Debug|Any CPU
		{ADD9A1DC-C59D-42DD-8788-86AD02F06392}.Release|Any CPU.ActiveCfg = Release|Any CPU
		{ADD9A1DC-C59D-42DD-8788-86AD02F06392}.Release|Any CPU.Build.0 = Release|Any CPU
		{ADD9A1DC-C59D-42DD-8788-86AD02F06392}.Release|iPhone.ActiveCfg = Release|Any CPU
		{ADD9A1DC-C59D-42DD-8788-86AD02F06392}.Release|iPhone.Build.0 = Release|Any CPU
		{ADD9A1DC-C59D-42DD-8788-86AD02F06392}.Release|iPhoneSimulator.ActiveCfg = Release|Any CPU
		{ADD9A1DC-C59D-42DD-8788-86AD02F06392}.Release|iPhoneSimulator.Build.0 = Release|Any CPU
		{9E6AEB3C-3987-4D5E-8BFC-BFBAD68B1E6B}.Ad-Hoc|Any CPU.ActiveCfg = Ad-Hoc|iPhone
		{9E6AEB3C-3987-4D5E-8BFC-BFBAD68B1E6B}.Ad-Hoc|iPhone.ActiveCfg = Ad-Hoc|iPhone
		{9E6AEB3C-3987-4D5E-8BFC-BFBAD68B1E6B}.Ad-Hoc|iPhone.Build.0 = Ad-Hoc|iPhone
		{9E6AEB3C-3987-4D5E-8BFC-BFBAD68B1E6B}.Ad-Hoc|iPhoneSimulator.ActiveCfg = Ad-Hoc|iPhoneSimulator
		{9E6AEB3C-3987-4D5E-8BFC-BFBAD68B1E6B}.Ad-Hoc|iPhoneSimulator.Build.0 = Ad-Hoc|iPhoneSimulator
		{9E6AEB3C-3987-4D5E-8BFC-BFBAD68B1E6B}.AppStore|Any CPU.ActiveCfg = AppStore|iPhone
		{9E6AEB3C-3987-4D5E-8BFC-BFBAD68B1E6B}.AppStore|iPhone.ActiveCfg = AppStore|iPhone
		{9E6AEB3C-3987-4D5E-8BFC-BFBAD68B1E6B}.AppStore|iPhone.Build.0 = AppStore|iPhone
		{9E6AEB3C-3987-4D5E-8BFC-BFBAD68B1E6B}.AppStore|iPhoneSimulator.ActiveCfg = AppStore|iPhoneSimulator
		{9E6AEB3C-3987-4D5E-8BFC-BFBAD68B1E6B}.AppStore|iPhoneSimulator.Build.0 = AppStore|iPhoneSimulator
		{9E6AEB3C-3987-4D5E-8BFC-BFBAD68B1E6B}.Debug|Any CPU.ActiveCfg = Debug|iPhone
		{9E6AEB3C-3987-4D5E-8BFC-BFBAD68B1E6B}.Debug|iPhone.ActiveCfg = Debug|iPhone
		{9E6AEB3C-3987-4D5E-8BFC-BFBAD68B1E6B}.Debug|iPhone.Build.0 = Debug|iPhone
		{9E6AEB3C-3987-4D5E-8BFC-BFBAD68B1E6B}.Debug|iPhoneSimulator.ActiveCfg = Debug|iPhoneSimulator
		{9E6AEB3C-3987-4D5E-8BFC-BFBAD68B1E6B}.Debug|iPhoneSimulator.Build.0 = Debug|iPhoneSimulator
		{9E6AEB3C-3987-4D5E-8BFC-BFBAD68B1E6B}.Release|Any CPU.ActiveCfg = Release|iPhone
		{9E6AEB3C-3987-4D5E-8BFC-BFBAD68B1E6B}.Release|iPhone.ActiveCfg = Release|iPhone
		{9E6AEB3C-3987-4D5E-8BFC-BFBAD68B1E6B}.Release|iPhone.Build.0 = Release|iPhone
		{9E6AEB3C-3987-4D5E-8BFC-BFBAD68B1E6B}.Release|iPhoneSimulator.ActiveCfg = Release|iPhoneSimulator
		{9E6AEB3C-3987-4D5E-8BFC-BFBAD68B1E6B}.Release|iPhoneSimulator.Build.0 = Release|iPhoneSimulator
		{21BE09F1-EAE4-43B1-A0B1-7CC3E9171CCA}.Ad-Hoc|Any CPU.ActiveCfg = Release|Any CPU
		{21BE09F1-EAE4-43B1-A0B1-7CC3E9171CCA}.Ad-Hoc|Any CPU.Build.0 = Release|Any CPU
		{21BE09F1-EAE4-43B1-A0B1-7CC3E9171CCA}.Ad-Hoc|iPhone.ActiveCfg = Release|Any CPU
		{21BE09F1-EAE4-43B1-A0B1-7CC3E9171CCA}.Ad-Hoc|iPhone.Build.0 = Release|Any CPU
		{21BE09F1-EAE4-43B1-A0B1-7CC3E9171CCA}.Ad-Hoc|iPhoneSimulator.ActiveCfg = Release|Any CPU
		{21BE09F1-EAE4-43B1-A0B1-7CC3E9171CCA}.Ad-Hoc|iPhoneSimulator.Build.0 = Release|Any CPU
		{21BE09F1-EAE4-43B1-A0B1-7CC3E9171CCA}.AppStore|Any CPU.ActiveCfg = Release|Any CPU
		{21BE09F1-EAE4-43B1-A0B1-7CC3E9171CCA}.AppStore|Any CPU.Build.0 = Release|Any CPU
		{21BE09F1-EAE4-43B1-A0B1-7CC3E9171CCA}.AppStore|iPhone.ActiveCfg = Release|Any CPU
		{21BE09F1-EAE4-43B1-A0B1-7CC3E9171CCA}.AppStore|iPhone.Build.0 = Release|Any CPU
		{21BE09F1-EAE4-43B1-A0B1-7CC3E9171CCA}.AppStore|iPhoneSimulator.ActiveCfg = Release|Any CPU
		{21BE09F1-EAE4-43B1-A0B1-7CC3E9171CCA}.AppStore|iPhoneSimulator.Build.0 = Release|Any CPU
		{21BE09F1-EAE4-43B1-A0B1-7CC3E9171CCA}.Debug|Any CPU.ActiveCfg = Debug|Any CPU
		{21BE09F1-EAE4-43B1-A0B1-7CC3E9171CCA}.Debug|Any CPU.Build.0 = Debug|Any CPU
		{21BE09F1-EAE4-43B1-A0B1-7CC3E9171CCA}.Debug|iPhone.ActiveCfg = Debug|Any CPU
		{21BE09F1-EAE4-43B1-A0B1-7CC3E9171CCA}.Debug|iPhone.Build.0 = Debug|Any CPU
		{21BE09F1-EAE4-43B1-A0B1-7CC3E9171CCA}.Debug|iPhoneSimulator.ActiveCfg = Debug|Any CPU
		{21BE09F1-EAE4-43B1-A0B1-7CC3E9171CCA}.Debug|iPhoneSimulator.Build.0 = Debug|Any CPU
		{21BE09F1-EAE4-43B1-A0B1-7CC3E9171CCA}.Release|Any CPU.ActiveCfg = Release|Any CPU
		{21BE09F1-EAE4-43B1-A0B1-7CC3E9171CCA}.Release|Any CPU.Build.0 = Release|Any CPU
		{21BE09F1-EAE4-43B1-A0B1-7CC3E9171CCA}.Release|iPhone.ActiveCfg = Release|Any CPU
		{21BE09F1-EAE4-43B1-A0B1-7CC3E9171CCA}.Release|iPhone.Build.0 = Release|Any CPU
		{21BE09F1-EAE4-43B1-A0B1-7CC3E9171CCA}.Release|iPhoneSimulator.ActiveCfg = Release|Any CPU
		{21BE09F1-EAE4-43B1-A0B1-7CC3E9171CCA}.Release|iPhoneSimulator.Build.0 = Release|Any CPU
		{AE5DC26A-0D73-439E-A5B0-B414F1ABED1F}.Ad-Hoc|Any CPU.ActiveCfg = Release|Any CPU
		{AE5DC26A-0D73-439E-A5B0-B414F1ABED1F}.Ad-Hoc|Any CPU.Build.0 = Release|Any CPU
		{AE5DC26A-0D73-439E-A5B0-B414F1ABED1F}.Ad-Hoc|Any CPU.Deploy.0 = Release|Any CPU
		{AE5DC26A-0D73-439E-A5B0-B414F1ABED1F}.Ad-Hoc|iPhone.ActiveCfg = Release|Any CPU
		{AE5DC26A-0D73-439E-A5B0-B414F1ABED1F}.Ad-Hoc|iPhone.Build.0 = Release|Any CPU
		{AE5DC26A-0D73-439E-A5B0-B414F1ABED1F}.Ad-Hoc|iPhone.Deploy.0 = Release|Any CPU
		{AE5DC26A-0D73-439E-A5B0-B414F1ABED1F}.Ad-Hoc|iPhoneSimulator.ActiveCfg = Release|Any CPU
		{AE5DC26A-0D73-439E-A5B0-B414F1ABED1F}.Ad-Hoc|iPhoneSimulator.Build.0 = Release|Any CPU
		{AE5DC26A-0D73-439E-A5B0-B414F1ABED1F}.Ad-Hoc|iPhoneSimulator.Deploy.0 = Release|Any CPU
		{AE5DC26A-0D73-439E-A5B0-B414F1ABED1F}.AppStore|Any CPU.ActiveCfg = Release|Any CPU
		{AE5DC26A-0D73-439E-A5B0-B414F1ABED1F}.AppStore|Any CPU.Build.0 = Release|Any CPU
		{AE5DC26A-0D73-439E-A5B0-B414F1ABED1F}.AppStore|Any CPU.Deploy.0 = Release|Any CPU
		{AE5DC26A-0D73-439E-A5B0-B414F1ABED1F}.AppStore|iPhone.ActiveCfg = Release|Any CPU
		{AE5DC26A-0D73-439E-A5B0-B414F1ABED1F}.AppStore|iPhone.Build.0 = Release|Any CPU
		{AE5DC26A-0D73-439E-A5B0-B414F1ABED1F}.AppStore|iPhone.Deploy.0 = Release|Any CPU
		{AE5DC26A-0D73-439E-A5B0-B414F1ABED1F}.AppStore|iPhoneSimulator.ActiveCfg = Release|Any CPU
		{AE5DC26A-0D73-439E-A5B0-B414F1ABED1F}.AppStore|iPhoneSimulator.Build.0 = Release|Any CPU
		{AE5DC26A-0D73-439E-A5B0-B414F1ABED1F}.AppStore|iPhoneSimulator.Deploy.0 = Release|Any CPU
		{AE5DC26A-0D73-439E-A5B0-B414F1ABED1F}.Debug|Any CPU.ActiveCfg = Debug|Any CPU
		{AE5DC26A-0D73-439E-A5B0-B414F1ABED1F}.Debug|Any CPU.Build.0 = Debug|Any CPU
		{AE5DC26A-0D73-439E-A5B0-B414F1ABED1F}.Debug|Any CPU.Deploy.0 = Debug|Any CPU
		{AE5DC26A-0D73-439E-A5B0-B414F1ABED1F}.Debug|iPhone.ActiveCfg = Debug|Any CPU
		{AE5DC26A-0D73-439E-A5B0-B414F1ABED1F}.Debug|iPhone.Build.0 = Debug|Any CPU
		{AE5DC26A-0D73-439E-A5B0-B414F1ABED1F}.Debug|iPhone.Deploy.0 = Debug|Any CPU
		{AE5DC26A-0D73-439E-A5B0-B414F1ABED1F}.Debug|iPhoneSimulator.ActiveCfg = Debug|Any CPU
		{AE5DC26A-0D73-439E-A5B0-B414F1ABED1F}.Debug|iPhoneSimulator.Build.0 = Debug|Any CPU
		{AE5DC26A-0D73-439E-A5B0-B414F1ABED1F}.Debug|iPhoneSimulator.Deploy.0 = Debug|Any CPU
		{AE5DC26A-0D73-439E-A5B0-B414F1ABED1F}.Release|Any CPU.ActiveCfg = Release|Any CPU
		{AE5DC26A-0D73-439E-A5B0-B414F1ABED1F}.Release|Any CPU.Build.0 = Release|Any CPU
		{AE5DC26A-0D73-439E-A5B0-B414F1ABED1F}.Release|Any CPU.Deploy.0 = Release|Any CPU
		{AE5DC26A-0D73-439E-A5B0-B414F1ABED1F}.Release|iPhone.ActiveCfg = Release|Any CPU
		{AE5DC26A-0D73-439E-A5B0-B414F1ABED1F}.Release|iPhone.Build.0 = Release|Any CPU
		{AE5DC26A-0D73-439E-A5B0-B414F1ABED1F}.Release|iPhone.Deploy.0 = Release|Any CPU
		{AE5DC26A-0D73-439E-A5B0-B414F1ABED1F}.Release|iPhoneSimulator.ActiveCfg = Release|Any CPU
		{AE5DC26A-0D73-439E-A5B0-B414F1ABED1F}.Release|iPhoneSimulator.Build.0 = Release|Any CPU
		{AE5DC26A-0D73-439E-A5B0-B414F1ABED1F}.Release|iPhoneSimulator.Deploy.0 = Release|Any CPU
		{B6AD26B3-766C-475A-9565-4B33BC97E046}.Ad-Hoc|Any CPU.ActiveCfg = Ad-Hoc|iPhone
		{B6AD26B3-766C-475A-9565-4B33BC97E046}.Ad-Hoc|iPhone.ActiveCfg = Ad-Hoc|iPhone
		{B6AD26B3-766C-475A-9565-4B33BC97E046}.Ad-Hoc|iPhone.Build.0 = Ad-Hoc|iPhone
		{B6AD26B3-766C-475A-9565-4B33BC97E046}.Ad-Hoc|iPhoneSimulator.ActiveCfg = Ad-Hoc|iPhoneSimulator
		{B6AD26B3-766C-475A-9565-4B33BC97E046}.Ad-Hoc|iPhoneSimulator.Build.0 = Ad-Hoc|iPhoneSimulator
		{B6AD26B3-766C-475A-9565-4B33BC97E046}.AppStore|Any CPU.ActiveCfg = AppStore|iPhone
		{B6AD26B3-766C-475A-9565-4B33BC97E046}.AppStore|iPhone.ActiveCfg = AppStore|iPhone
		{B6AD26B3-766C-475A-9565-4B33BC97E046}.AppStore|iPhone.Build.0 = AppStore|iPhone
		{B6AD26B3-766C-475A-9565-4B33BC97E046}.AppStore|iPhoneSimulator.ActiveCfg = AppStore|iPhoneSimulator
		{B6AD26B3-766C-475A-9565-4B33BC97E046}.AppStore|iPhoneSimulator.Build.0 = AppStore|iPhoneSimulator
		{B6AD26B3-766C-475A-9565-4B33BC97E046}.Debug|Any CPU.ActiveCfg = Debug|iPhone
		{B6AD26B3-766C-475A-9565-4B33BC97E046}.Debug|iPhone.ActiveCfg = Debug|iPhone
		{B6AD26B3-766C-475A-9565-4B33BC97E046}.Debug|iPhone.Build.0 = Debug|iPhone
		{B6AD26B3-766C-475A-9565-4B33BC97E046}.Debug|iPhoneSimulator.ActiveCfg = Debug|iPhoneSimulator
		{B6AD26B3-766C-475A-9565-4B33BC97E046}.Debug|iPhoneSimulator.Build.0 = Debug|iPhoneSimulator
		{B6AD26B3-766C-475A-9565-4B33BC97E046}.Release|Any CPU.ActiveCfg = Release|iPhone
		{B6AD26B3-766C-475A-9565-4B33BC97E046}.Release|iPhone.ActiveCfg = Release|iPhone
		{B6AD26B3-766C-475A-9565-4B33BC97E046}.Release|iPhone.Build.0 = Release|iPhone
		{B6AD26B3-766C-475A-9565-4B33BC97E046}.Release|iPhoneSimulator.ActiveCfg = Release|iPhoneSimulator
		{B6AD26B3-766C-475A-9565-4B33BC97E046}.Release|iPhoneSimulator.Build.0 = Release|iPhoneSimulator
	EndGlobalSection
	GlobalSection(SolutionProperties) = preSolution
		HideSolutionNode = FALSE
	EndGlobalSection
EndGlobal
